// !$*UTF8*$!
{
	archiveVersion = 1;
	classes = {
	};
	objectVersion = 48;
	objects = {

/* Begin PBXBuildFile section */
		9081DBDD1FDD298E0037FBEE /* AppDelegate.swift in Sources */ = {isa = PBXBuildFile; fileRef = 9081DBDC1FDD298E0037FBEE /* AppDelegate.swift */; };
		9081DBDF1FDD298E0037FBEE /* ViewController.swift in Sources */ = {isa = PBXBuildFile; fileRef = 9081DBDE1FDD298E0037FBEE /* ViewController.swift */; };
		9081DBE21FDD298E0037FBEE /* Main.storyboard in Resources */ = {isa = PBXBuildFile; fileRef = 9081DBE01FDD298E0037FBEE /* Main.storyboard */; };
		9081DBE41FDD298E0037FBEE /* Assets.xcassets in Resources */ = {isa = PBXBuildFile; fileRef = 9081DBE31FDD298E0037FBEE /* Assets.xcassets */; };
		9081DBE71FDD298E0037FBEE /* LaunchScreen.storyboard in Resources */ = {isa = PBXBuildFile; fileRef = 9081DBE51FDD298E0037FBEE /* LaunchScreen.storyboard */; };
		9081DBF21FDD298E0037FBEE /* segdemoTests.swift in Sources */ = {isa = PBXBuildFile; fileRef = 9081DBF11FDD298E0037FBEE /* segdemoTests.swift */; };
		9081DBFD1FDD298E0037FBEE /* segdemoUITests.swift in Sources */ = {isa = PBXBuildFile; fileRef = 9081DBFC1FDD298E0037FBEE /* segdemoUITests.swift */; };
/* End PBXBuildFile section */

/* Begin PBXContainerItemProxy section */
		9081DBEE1FDD298E0037FBEE /* PBXContainerItemProxy */ = {
			isa = PBXContainerItemProxy;
			containerPortal = 9081DBD11FDD298D0037FBEE /* Project object */;
			proxyType = 1;
			remoteGlobalIDString = 9081DBD81FDD298E0037FBEE;
			remoteInfo = segdemo;
		};
		9081DBF91FDD298E0037FBEE /* PBXContainerItemProxy */ = {
			isa = PBXContainerItemProxy;
			containerPortal = 9081DBD11FDD298D0037FBEE /* Project object */;
			proxyType = 1;
			remoteGlobalIDString = 9081DBD81FDD298E0037FBEE;
			remoteInfo = segdemo;
		};
/* End PBXContainerItemProxy section */

/* Begin PBXFileReference section */
		9081DBD91FDD298E0037FBEE /* segdemo.app */ = {isa = PBXFileReference; explicitFileType = wrapper.application; includeInIndex = 0; path = segdemo.app; sourceTree = BUILT_PRODUCTS_DIR; };
		9081DBDC1FDD298E0037FBEE /* AppDelegate.swift */ = {isa = PBXFileReference; lastKnownFileType = sourcecode.swift; path = AppDelegate.swift; sourceTree = "<group>"; };
		9081DBDE1FDD298E0037FBEE /* ViewController.swift */ = {isa = PBXFileReference; lastKnownFileType = sourcecode.swift; path = ViewController.swift; sourceTree = "<group>"; };
		9081DBE11FDD298E0037FBEE /* Base */ = {isa = PBXFileReference; lastKnownFileType = file.storyboard; name = Base; path = Base.lproj/Main.storyboard; sourceTree = "<group>"; };
		9081DBE31FDD298E0037FBEE /* Assets.xcassets */ = {isa = PBXFileReference; lastKnownFileType = folder.assetcatalog; path = Assets.xcassets; sourceTree = "<group>"; };
		9081DBE61FDD298E0037FBEE /* Base */ = {isa = PBXFileReference; lastKnownFileType = file.storyboard; name = Base; path = Base.lproj/LaunchScreen.storyboard; sourceTree = "<group>"; };
		9081DBE81FDD298E0037FBEE /* Info.plist */ = {isa = PBXFileReference; lastKnownFileType = text.plist.xml; path = Info.plist; sourceTree = "<group>"; };
		9081DBED1FDD298E0037FBEE /* segdemoTests.xctest */ = {isa = PBXFileReference; explicitFileType = wrapper.cfbundle; includeInIndex = 0; path = segdemoTests.xctest; sourceTree = BUILT_PRODUCTS_DIR; };
		9081DBF11FDD298E0037FBEE /* segdemoTests.swift */ = {isa = PBXFileReference; lastKnownFileType = sourcecode.swift; path = segdemoTests.swift; sourceTree = "<group>"; };
		9081DBF31FDD298E0037FBEE /* Info.plist */ = {isa = PBXFileReference; lastKnownFileType = text.plist.xml; path = Info.plist; sourceTree = "<group>"; };
		9081DBF81FDD298E0037FBEE /* segdemoUITests.xctest */ = {isa = PBXFileReference; explicitFileType = wrapper.cfbundle; includeInIndex = 0; path = segdemoUITests.xctest; sourceTree = BUILT_PRODUCTS_DIR; };
		9081DBFC1FDD298E0037FBEE /* segdemoUITests.swift */ = {isa = PBXFileReference; lastKnownFileType = sourcecode.swift; path = segdemoUITests.swift; sourceTree = "<group>"; };
		9081DBFE1FDD298E0037FBEE /* Info.plist */ = {isa = PBXFileReference; lastKnownFileType = text.plist.xml; path = Info.plist; sourceTree = "<group>"; };
/* End PBXFileReference section */

/* Begin PBXFrameworksBuildPhase section */
		9081DBD61FDD298E0037FBEE /* Frameworks */ = {
			isa = PBXFrameworksBuildPhase;
			buildActionMask = 2147483647;
			files = (
			);
			runOnlyForDeploymentPostprocessing = 0;
		};
		9081DBEA1FDD298E0037FBEE /* Frameworks */ = {
			isa = PBXFrameworksBuildPhase;
			buildActionMask = 2147483647;
			files = (
			);
			runOnlyForDeploymentPostprocessing = 0;
		};
		9081DBF51FDD298E0037FBEE /* Frameworks */ = {
			isa = PBXFrameworksBuildPhase;
			buildActionMask = 2147483647;
			files = (
			);
			runOnlyForDeploymentPostprocessing = 0;
		};
/* End PBXFrameworksBuildPhase section */

/* Begin PBXGroup section */
		9081DBD01FDD298D0037FBEE = {
			isa = PBXGroup;
			children = (
				9081DBDB1FDD298E0037FBEE /* segdemo */,
				9081DBF01FDD298E0037FBEE /* segdemoTests */,
				9081DBFB1FDD298E0037FBEE /* segdemoUITests */,
				9081DBDA1FDD298E0037FBEE /* Products */,
			);
			sourceTree = "<group>";
		};
		9081DBDA1FDD298E0037FBEE /* Products */ = {
			isa = PBXGroup;
			children = (
				9081DBD91FDD298E0037FBEE /* segdemo.app */,
				9081DBED1FDD298E0037FBEE /* segdemoTests.xctest */,
				9081DBF81FDD298E0037FBEE /* segdemoUITests.xctest */,
			);
			name = Products;
			sourceTree = "<group>";
		};
		9081DBDB1FDD298E0037FBEE /* segdemo */ = {
			isa = PBXGroup;
			children = (
				9081DBDC1FDD298E0037FBEE /* AppDelegate.swift */,
				9081DBDE1FDD298E0037FBEE /* ViewController.swift */,
				9081DBE01FDD298E0037FBEE /* Main.storyboard */,
				9081DBE31FDD298E0037FBEE /* Assets.xcassets */,
				9081DBE51FDD298E0037FBEE /* LaunchScreen.storyboard */,
				9081DBE81FDD298E0037FBEE /* Info.plist */,
			);
			path = segdemo;
			sourceTree = "<group>";
		};
		9081DBF01FDD298E0037FBEE /* segdemoTests */ = {
			isa = PBXGroup;
			children = (
				9081DBF11FDD298E0037FBEE /* segdemoTests.swift */,
				9081DBF31FDD298E0037FBEE /* Info.plist */,
			);
			path = segdemoTests;
			sourceTree = "<group>";
		};
		9081DBFB1FDD298E0037FBEE /* segdemoUITests */ = {
			isa = PBXGroup;
			children = (
				9081DBFC1FDD298E0037FBEE /* segdemoUITests.swift */,
				9081DBFE1FDD298E0037FBEE /* Info.plist */,
			);
			path = segdemoUITests;
			sourceTree = "<group>";
		};
/* End PBXGroup section */

/* Begin PBXNativeTarget section */
		9081DBD81FDD298E0037FBEE /* segdemo */ = {
			isa = PBXNativeTarget;
			buildConfigurationList = 9081DC011FDD298E0037FBEE /* Build configuration list for PBXNativeTarget "segdemo" */;
			buildPhases = (
				9081DBD51FDD298E0037FBEE /* Sources */,
				9081DBD61FDD298E0037FBEE /* Frameworks */,
				9081DBD71FDD298E0037FBEE /* Resources */,
			);
			buildRules = (
			);
			dependencies = (
			);
			name = segdemo;
			productName = segdemo;
			productReference = 9081DBD91FDD298E0037FBEE /* segdemo.app */;
			productType = "com.apple.product-type.application";
		};
		9081DBEC1FDD298E0037FBEE /* segdemoTests */ = {
			isa = PBXNativeTarget;
			buildConfigurationList = 9081DC041FDD298E0037FBEE /* Build configuration list for PBXNativeTarget "segdemoTests" */;
			buildPhases = (
				9081DBE91FDD298E0037FBEE /* Sources */,
				9081DBEA1FDD298E0037FBEE /* Frameworks */,
				9081DBEB1FDD298E0037FBEE /* Resources */,
			);
			buildRules = (
			);
			dependencies = (
				9081DBEF1FDD298E0037FBEE /* PBXTargetDependency */,
			);
			name = segdemoTests;
			productName = segdemoTests;
			productReference = 9081DBED1FDD298E0037FBEE /* segdemoTests.xctest */;
			productType = "com.apple.product-type.bundle.unit-test";
		};
		9081DBF71FDD298E0037FBEE /* segdemoUITests */ = {
			isa = PBXNativeTarget;
			buildConfigurationList = 9081DC071FDD298E0037FBEE /* Build configuration list for PBXNativeTarget "segdemoUITests" */;
			buildPhases = (
				9081DBF41FDD298E0037FBEE /* Sources */,
				9081DBF51FDD298E0037FBEE /* Frameworks */,
				9081DBF61FDD298E0037FBEE /* Resources */,
			);
			buildRules = (
			);
			dependencies = (
				9081DBFA1FDD298E0037FBEE /* PBXTargetDependency */,
			);
			name = segdemoUITests;
			productName = segdemoUITests;
			productReference = 9081DBF81FDD298E0037FBEE /* segdemoUITests.xctest */;
			productType = "com.apple.product-type.bundle.ui-testing";
		};
/* End PBXNativeTarget section */

/* Begin PBXProject section */
		9081DBD11FDD298D0037FBEE /* Project object */ = {
			isa = PBXProject;
			attributes = {
				LastSwiftUpdateCheck = 0900;
				LastUpgradeCheck = 0900;
				ORGANIZATIONNAME = "Yogesh Patel";
				TargetAttributes = {
					9081DBD81FDD298E0037FBEE = {
						CreatedOnToolsVersion = 9.0.1;
						ProvisioningStyle = Automatic;
					};
					9081DBEC1FDD298E0037FBEE = {
						CreatedOnToolsVersion = 9.0.1;
						ProvisioningStyle = Automatic;
						TestTargetID = 9081DBD81FDD298E0037FBEE;
					};
					9081DBF71FDD298E0037FBEE = {
						CreatedOnToolsVersion = 9.0.1;
						ProvisioningStyle = Automatic;
						TestTargetID = 9081DBD81FDD298E0037FBEE;
					};
				};
			};
			buildConfigurationList = 9081DBD41FDD298D0037FBEE /* Build configuration list for PBXProject "segdemo" */;
			compatibilityVersion = "Xcode 8.0";
			developmentRegion = en;
			hasScannedForEncodings = 0;
			knownRegions = (
				en,
				Base,
			);
			mainGroup = 9081DBD01FDD298D0037FBEE;
			productRefGroup = 9081DBDA1FDD298E0037FBEE /* Products */;
			projectDirPath = "";
			projectRoot = "";
			targets = (
				9081DBD81FDD298E0037FBEE /* segdemo */,
				9081DBEC1FDD298E0037FBEE /* segdemoTests */,
				9081DBF71FDD298E0037FBEE /* segdemoUITests */,
			);
		};
/* End PBXProject section */

/* Begin PBXResourcesBuildPhase section */
		9081DBD71FDD298E0037FBEE /* Resources */ = {
			isa = PBXResourcesBuildPhase;
			buildActionMask = 2147483647;
			files = (
				9081DBE71FDD298E0037FBEE /* LaunchScreen.storyboard in Resources */,
				9081DBE41FDD298E0037FBEE /* Assets.xcassets in Resources */,
				9081DBE21FDD298E0037FBEE /* Main.storyboard in Resources */,
			);
			runOnlyForDeploymentPostprocessing = 0;
		};
		9081DBEB1FDD298E0037FBEE /* Resources */ = {
			isa = PBXResourcesBuildPhase;
			buildActionMask = 2147483647;
			files = (
			);
			runOnlyForDeploymentPostprocessing = 0;
		};
		9081DBF61FDD298E0037FBEE /* Resources */ = {
			isa = PBXResourcesBuildPhase;
			buildActionMask = 2147483647;
			files = (
			);
			runOnlyForDeploymentPostprocessing = 0;
		};
/* End PBXResourcesBuildPhase section */

/* Begin PBXSourcesBuildPhase section */
		9081DBD51FDD298E0037FBEE /* Sources */ = {
			isa = PBXSourcesBuildPhase;
			buildActionMask = 2147483647;
			files = (
				9081DBDF1FDD298E0037FBEE /* ViewController.swift in Sources */,
				9081DBDD1FDD298E0037FBEE /* AppDelegate.swift in Sources */,
			);
			runOnlyForDeploymentPostprocessing = 0;
		};
		9081DBE91FDD298E0037FBEE /* Sources */ = {
			isa = PBXSourcesBuildPhase;
			buildActionMask = 2147483647;
			files = (
				9081DBF21FDD298E0037FBEE /* segdemoTests.swift in Sources */,
			);
			runOnlyForDeploymentPostprocessing = 0;
		};
		9081DBF41FDD298E0037FBEE /* Sources */ = {
			isa = PBXSourcesBuildPhase;
			buildActionMask = 2147483647;
			files = (
				9081DBFD1FDD298E0037FBEE /* segdemoUITests.swift in Sources */,
			);
			runOnlyForDeploymentPostprocessing = 0;
		};
/* End PBXSourcesBuildPhase section */

/* Begin PBXTargetDependency section */
		9081DBEF1FDD298E0037FBEE /* PBXTargetDependency */ = {
			isa = PBXTargetDependency;
			target = 9081DBD81FDD298E0037FBEE /* segdemo */;
			targetProxy = 9081DBEE1FDD298E0037FBEE /* PBXContainerItemProxy */;
		};
		9081DBFA1FDD298E0037FBEE /* PBXTargetDependency */ = {
			isa = PBXTargetDependency;
			target = 9081DBD81FDD298E0037FBEE /* segdemo */;
			targetProxy = 9081DBF91FDD298E0037FBEE /* PBXContainerItemProxy */;
		};
/* End PBXTargetDependency section */

/* Begin PBXVariantGroup section */
		9081DBE01FDD298E0037FBEE /* Main.storyboard */ = {
			isa = PBXVariantGroup;
			children = (
				9081DBE11FDD298E0037FBEE /* Base */,
			);
			name = Main.storyboard;
			sourceTree = "<group>";
		};
		9081DBE51FDD298E0037FBEE /* LaunchScreen.storyboard */ = {
			isa = PBXVariantGroup;
			children = (
				9081DBE61FDD298E0037FBEE /* Base */,
			);
			name = LaunchScreen.storyboard;
			sourceTree = "<group>";
		};
/* End PBXVariantGroup section */

/* Begin XCBuildConfiguration section */
		9081DBFF1FDD298E0037FBEE /* Debug */ = {
			isa = XCBuildConfiguration;
			buildSettings = {
				ALWAYS_SEARCH_USER_PATHS = NO;
				CLANG_ANALYZER_NONNULL = YES;
				CLANG_ANALYZER_NUMBER_OBJECT_CONVERSION = YES_AGGRESSIVE;
				CLANG_CXX_LANGUAGE_STANDARD = "gnu++14";
				CLANG_CXX_LIBRARY = "libc++";
				CLANG_ENABLE_MODULES = YES;
				CLANG_ENABLE_OBJC_ARC = YES;
				CLANG_WARN_BLOCK_CAPTURE_AUTORELEASING = YES;
				CLANG_WARN_BOOL_CONVERSION = YES;
				CLANG_WARN_COMMA = YES;
				CLANG_WARN_CONSTANT_CONVERSION = YES;
				CLANG_WARN_DIRECT_OBJC_ISA_USAGE = YES_ERROR;
				CLANG_WARN_DOCUMENTATION_COMMENTS = YES;
				CLANG_WARN_EMPTY_BODY = YES;
				CLANG_WARN_ENUM_CONVERSION = YES;
				CLANG_WARN_INFINITE_RECURSION = YES;
				CLANG_WARN_INT_CONVERSION = YES;
				CLANG_WARN_NON_LITERAL_NULL_CONVERSION = YES;
				CLANG_WARN_OBJC_LITERAL_CONVERSION = YES;
				CLANG_WARN_OBJC_ROOT_CLASS = YES_ERROR;
				CLANG_WARN_RANGE_LOOP_ANALYSIS = YES;
				CLANG_WARN_STRICT_PROTOTYPES = YES;
				CLANG_WARN_SUSPICIOUS_MOVE = YES;
				CLANG_WARN_UNGUARDED_AVAILABILITY = YES_AGGRESSIVE;
				CLANG_WARN_UNREACHABLE_CODE = YES;
				CLANG_WARN__DUPLICATE_METHOD_MATCH = YES;
				CODE_SIGN_IDENTITY = "iPhone Developer";
				COPY_PHASE_STRIP = NO;
				DEBUG_INFORMATION_FORMAT = dwarf;
				ENABLE_STRICT_OBJC_MSGSEND = YES;
				ENABLE_TESTABILITY = YES;
				GCC_C_LANGUAGE_STANDARD = gnu11;
				GCC_DYNAMIC_NO_PIC = NO;
				GCC_NO_COMMON_BLOCKS = YES;
				GCC_OPTIMIZATION_LEVEL = 0;
				GCC_PREPROCESSOR_DEFINITIONS = (
					"DEBUG=1",
					"$(inherited)",
				);
				GCC_WARN_64_TO_32_BIT_CONVERSION = YES;
				GCC_WARN_ABOUT_RETURN_TYPE = YES_ERROR;
				GCC_WARN_UNDECLARED_SELECTOR = YES;
				GCC_WARN_UNINITIALIZED_AUTOS = YES_AGGRESSIVE;
				GCC_WARN_UNUSED_FUNCTION = YES;
				GCC_WARN_UNUSED_VARIABLE = YES;
				IPHONEOS_DEPLOYMENT_TARGET = 11.0;
				MTL_ENABLE_DEBUG_INFO = YES;
				ONLY_ACTIVE_ARCH = YES;
				SDKROOT = iphoneos;
				SWIFT_ACTIVE_COMPILATION_CONDITIONS = DEBUG;
				SWIFT_OPTIMIZATION_LEVEL = "-Onone";
			};
			name = Debug;
		};
		9081DC001FDD298E0037FBEE /* Release */ = {
			isa = XCBuildConfiguration;
			buildSettings = {
				ALWAYS_SEARCH_USER_PATHS = NO;
				CLANG_ANALYZER_NONNULL = YES;
				CLANG_ANALYZER_NUMBER_OBJECT_CONVERSION = YES_AGGRESSIVE;
				CLANG_CXX_LANGUAGE_STANDARD = "gnu++14";
				CLANG_CXX_LIBRARY = "libc++";
				CLANG_ENABLE_MODULES = YES;
				CLANG_ENABLE_OBJC_ARC = YES;
				CLANG_WARN_BLOCK_CAPTURE_AUTORELEASING = YES;
				CLANG_WARN_BOOL_CONVERSION = YES;
				CLANG_WARN_COMMA = YES;
				CLANG_WARN_CONSTANT_CONVERSION = YES;
				CLANG_WARN_DIRECT_OBJC_ISA_USAGE = YES_ERROR;
				CLANG_WARN_DOCUMENTATION_COMMENTS = YES;
				CLANG_WARN_EMPTY_BODY = YES;
				CLANG_WARN_ENUM_CONVERSION = YES;
				CLANG_WARN_INFINITE_RECURSION = YES;
				CLANG_WARN_INT_CONVERSION = YES;
				CLANG_WARN_NON_LITERAL_NULL_CONVERSION = YES;
				CLANG_WARN_OBJC_LITERAL_CONVERSION = YES;
				CLANG_WARN_OBJC_ROOT_CLASS = YES_ERROR;
				CLANG_WARN_RANGE_LOOP_ANALYSIS = YES;
				CLANG_WARN_STRICT_PROTOTYPES = YES;
				CLANG_WARN_SUSPICIOUS_MOVE = YES;
				CLANG_WARN_UNGUARDED_AVAILABILITY = YES_AGGRESSIVE;
				CLANG_WARN_UNREACHABLE_CODE = YES;
				CLANG_WARN__DUPLICATE_METHOD_MATCH = YES;
				CODE_SIGN_IDENTITY = "iPhone Developer";
				COPY_PHASE_STRIP = NO;
				DEBUG_INFORMATION_FORMAT = "dwarf-with-dsym";
				ENABLE_NS_ASSERTIONS = NO;
				ENABLE_STRICT_OBJC_MSGSEND = YES;
				GCC_C_LANGUAGE_STANDARD = gnu11;
				GCC_NO_COMMON_BLOCKS = YES;
				GCC_WARN_64_TO_32_BIT_CONVERSION = YES;
				GCC_WARN_ABOUT_RETURN_TYPE = YES_ERROR;
				GCC_WARN_UNDECLARED_SELECTOR = YES;
				GCC_WARN_UNINITIALIZED_AUTOS = YES_AGGRESSIVE;
				GCC_WARN_UNUSED_FUNCTION = YES;
				GCC_WARN_UNUSED_VARIABLE = YES;
				IPHONEOS_DEPLOYMENT_TARGET = 11.0;
				MTL_ENABLE_DEBUG_INFO = NO;
				SDKROOT = iphoneos;
				SWIFT_OPTIMIZATION_LEVEL = "-Owholemodule";
				VALIDATE_PRODUCT = YES;
			};
			name = Release;
		};
		9081DC021FDD298E0037FBEE /* Debug */ = {
			isa = XCBuildConfiguration;
			buildSettings = {
				ASSETCATALOG_COMPILER_APPICON_NAME = AppIcon;
				CODE_SIGN_STYLE = Automatic;
				DEVELOPMENT_TEAM = CF4QM4CNHN;
				INFOPLIST_FILE = segdemo/Info.plist;
				LD_RUNPATH_SEARCH_PATHS = "$(inherited) @executable_path/Frameworks";
				PRODUCT_BUNDLE_IDENTIFIER = "com.yogesh-patel.Yotube-Demo.segdemo";
				PRODUCT_NAME = "$(TARGET_NAME)";
				SWIFT_VERSION = 4.0;
				TARGETED_DEVICE_FAMILY = "1,2";
			};
			name = Debug;
		};
		9081DC031FDD298E0037FBEE /* Release */ = {
			isa = XCBuildConfiguration;
			buildSettings = {
				ASSETCATALOG_COMPILER_APPICON_NAME = AppIcon;
				CODE_SIGN_STYLE = Automatic;
				DEVELOPMENT_TEAM = CF4QM4CNHN;
				INFOPLIST_FILE = segdemo/Info.plist;
				LD_RUNPATH_SEARCH_PATHS = "$(inherited) @executable_path/Frameworks";
				PRODUCT_BUNDLE_IDENTIFIER = "com.yogesh-patel.Yotube-Demo.segdemo";
				PRODUCT_NAME = "$(TARGET_NAME)";
				SWIFT_VERSION = 4.0;
				TARGETED_DEVICE_FAMILY = "1,2";
			};
			name = Release;
		};
		9081DC051FDD298E0037FBEE /* Debug */ = {
			isa = XCBuildConfiguration;
			buildSettings = {
				ALWAYS_EMBED_SWIFT_STANDARD_LIBRARIES = YES;
				BUNDLE_LOADER = "$(TEST_HOST)";
				CODE_SIGN_STYLE = Automatic;
				DEVELOPMENT_TEAM = CF4QM4CNHN;
				INFOPLIST_FILE = segdemoTests/Info.plist;
				LD_RUNPATH_SEARCH_PATHS = "$(inherited) @executable_path/Frameworks @loader_path/Frameworks";
				PRODUCT_BUNDLE_IDENTIFIER = "com.yogesh-patel.Yotube-Demo.segdemoTests";
				PRODUCT_NAME = "$(TARGET_NAME)";
				SWIFT_VERSION = 4.0;
				TARGETED_DEVICE_FAMILY = "1,2";
				TEST_HOST = "$(BUILT_PRODUCTS_DIR)/segdemo.app/segdemo";
			};
			name = Debug;
		};
		9081DC061FDD298E0037FBEE /* Release */ = {
			isa = XCBuildConfiguration;
			buildSettings = {
				ALWAYS_EMBED_SWIFT_STANDARD_LIBRARIES = YES;
				BUNDLE_LOADER = "$(TEST_HOST)";
				CODE_SIGN_STYLE = Automatic;
				DEVELOPMENT_TEAM = CF4QM4CNHN;
				INFOPLIST_FILE = segdemoTests/Info.plist;
				LD_RUNPATH_SEARCH_PATHS = "$(inherited) @executable_path/Frameworks @loader_path/Frameworks";
				PRODUCT_BUNDLE_IDENTIFIER = "com.yogesh-patel.Yotube-Demo.segdemoTests";
				PRODUCT_NAME = "$(TARGET_NAME)";
				SWIFT_VERSION = 4.0;
				TARGETED_DEVICE_FAMILY = "1,2";
				TEST_HOST = "$(BUILT_PRODUCTS_DIR)/segdemo.app/segdemo";
			};
			name = Release;
		};
		9081DC081FDD298E0037FBEE /* Debug */ = {
			isa = XCBuildConfiguration;
			buildSettings = {
				ALWAYS_EMBED_SWIFT_STANDARD_LIBRARIES = YES;
				CODE_SIGN_STYLE = Automatic;
				DEVELOPMENT_TEAM = CF4QM4CNHN;
				INFOPLIST_FILE = segdemoUITests/Info.plist;
				LD_RUNPATH_SEARCH_PATHS = "$(inherited) @executable_path/Frameworks @loader_path/Frameworks";
				PRODUCT_BUNDLE_IDENTIFIER = "com.yogesh-patel.Yotube-Demo.segdemoUITests";
				PRODUCT_NAME = "$(TARGET_NAME)";
				SWIFT_VERSION = 4.0;
				TARGETED_DEVICE_FAMILY = "1,2";
				TEST_TARGET_NAME = segdemo;
			};
			name = Debug;
		};
		9081DC091FDD298E0037FBEE /* Release */ = {
			isa = XCBuildConfiguration;
			buildSettings = {
				ALWAYS_EMBED_SWIFT_STANDARD_LIBRARIES = YES;
				CODE_SIGN_STYLE = Automatic;
				DEVELOPMENT_TEAM = CF4QM4CNHN;
				INFOPLIST_FILE = segdemoUITests/Info.plist;
				LD_RUNPATH_SEARCH_PATHS = "$(inherited) @executable_path/Frameworks @loader_path/Frameworks";
				PRODUCT_BUNDLE_IDENTIFIER = "com.yogesh-patel.Yotube-Demo.segdemoUITests";
				PRODUCT_NAME = "$(TARGET_NAME)";
				SWIFT_VERSION = 4.0;
				TARGETED_DEVICE_FAMILY = "1,2";
				TEST_TARGET_NAME = segdemo;
			};
			name = Release;
		};
/* End XCBuildConfiguration section */

/* Begin XCConfigurationList section */
		9081DBD41FDD298D0037FBEE /* Build configuration list for PBXProject "segdemo" */ = {
			isa = XCConfigurationList;
			buildConfigurations = (
				9081DBFF1FDD298E0037FBEE /* Debug */,
				9081DC001FDD298E0037FBEE /* Release */,
			);
			defaultConfigurationIsVisible = 0;
			defaultConfigurationName = Release;
		};
		9081DC011FDD298E0037FBEE /* Build configuration list for PBXNativeTarget "segdemo" */ = {
			isa = XCConfigurationList;
			buildConfigurations = (
				9081DC021FDD298E0037FBEE /* Debug */,
				9081DC031FDD298E0037FBEE /* Release */,
			);
			defaultConfigurationIsVisible = 0;
			defaultConfigurationName = Release;
		};
		9081DC041FDD298E0037FBEE /* Build configuration list for PBXNativeTarget "segdemoTests" */ = {
			isa = XCConfigurationList;
			buildConfigurations = (
				9081DC051FDD298E0037FBEE /* Debug */,
				9081DC061FDD298E0037FBEE /* Release */,
			);
			defaultConfigurationIsVisible = 0;
			defaultConfigurationName = Release;
		};
		9081DC071FDD298E0037FBEE /* Build configuration list for PBXNativeTarget "segdemoUITests" */ = {
			isa = XCConfigurationList;
			buildConfigurations = (
				9081DC081FDD298E0037FBEE /* Debug */,
				9081DC091FDD298E0037FBEE /* Release */,
			);
			defaultConfigurationIsVisible = 0;
			defaultConfigurationName = Release;
		};
/* End XCConfigurationList section */
	};
	rootObject = 9081DBD11FDD298D0037FBEE /* Project object */;
}
